
Microsoft Visual Studio Solution File, Format Version 12.00
# Visual Studio Version 17
VisualStudioVersion = 17.7.34221.43
MinimumVisualStudioVersion = 10.0.40219.1
Project("{FAE04EC0-301F-11D3-BF4B-00C04F79EFBC}") = "Hangman", "Hangman\Hangman.csproj", "{75A7ADB4-99B4-47C7-9AB3-CA3C7BABEE8C}"
EndProject
Global
	GlobalSection(SolutionConfigurationPlatforms) = preSolution
		Debug|Any CPU = Debug|Any CPU
		Release|Any CPU = Release|Any CPU
	EndGlobalSection
	GlobalSection(ProjectConfigurationPlatforms) = postSolution
		{75A7ADB4-99B4-47C7-9AB3-CA3C7BABEE8C}.Debug|Any CPU.ActiveCfg = Debug|Any CPU
		{75A7ADB4-99B4-47C7-9AB3-CA3C7BABEE8C}.Debug|Any CPU.Build.0 = Debug|Any CPU
		{75A7ADB4-99B4-47C7-9AB3-CA3C7BABEE8C}.Debug|Any CPU.Deploy.0 = Debug|Any CPU
		{75A7ADB4-99B4-47C7-9AB3-CA3C7BABEE8C}.Release|Any CPU.ActiveCfg = Release|Any CPU
		{75A7ADB4-99B4-47C7-9AB3-CA3C7BABEE8C}.Release|Any CPU.Build.0 = Release|Any CPU
		{75A7ADB4-99B4-47C7-9AB3-CA3C7BABEE8C}.Release|Any CPU.Deploy.0 = Release|Any CPU
	EndGlobalSection
	GlobalSection(SolutionProperties) = preSolution
		HideSolutionNode = FALSE
	EndGlobalSection
	GlobalSection(ExtensibilityGlobals) = postSolution
		SolutionGuid = {A896A56C-BB41-4603-A654-C658CA3C94B1}
	EndGlobalSection
EndGlobal
